<?xml version="1.0" encoding="utf-8"?>
<Project ToolsVersion="4.0" xmlns="http://schemas.microsoft.com/developer/msbuild/2003">
  <ItemGroup>
    <ClInclude Include="src\CacheLib.h">
      <Filter>Header Files</Filter>
    </ClInclude>
    <ClInclude Include="src\CacheInternals.h">
      <Filter>Header Files</Filter>
    </ClInclude>
    <ClInclude Include="src\CacheWpp.h">
      <Filter>Header Files</Filter>
    </ClInclude>
  </ItemGroup>
  <ItemGroup>
    <Filter Include="Header Files">
      <UniqueIdentifier>{b9406070-c85f-4732-9d4d-57bd2e614587}</UniqueIdentifier>
    </Filter>
    <Filter Include="Source Files">
      <UniqueIdentifier>{57cf94d3-3c4c-446e-851f-0f8ae1e38c1c}</UniqueIdentifier>
    </Filter>
  </ItemGroup>
  <ItemGroup>
    <ClCompile Include="src\CacheLib.c">
      <Filter>Source Files</Filter>
    </ClCompile>
  </ItemGroup>
</Project>