<?xml version="1.0" encoding="utf-8"?>
<Project ToolsVersion="4.0" xmlns="http://schemas.microsoft.com/developer/msbuild/2003">
  <ItemGroup>
    <ClCompile Include="src\LdapWpp.c">
      <Filter>Source Files</Filter>
    </ClCompile>
    <ClCompile Include="src\LdapLib.c">
      <Filter>Source Files</Filter>
    </ClCompile>
    <ClCompile Include="src\LdapHelpers.c">
      <Filter>Source Files</Filter>
    </ClCompile>
    <ClCompile Include="src\LdapInternals.c">
      <Filter>Source Files</Filter>
    </ClCompile>
  </ItemGroup>
  <ItemGroup>
    <ClInclude Include="src\LdapWpp.h">
      <Filter>Header Files</Filter>
    </ClInclude>
    <ClInclude Include="src\LdapLib.h">
      <Filter>Header Files</Filter>
    </ClInclude>
    <ClInclude Include="src\LdapHelpers.h">
      <Filter>Header Files</Filter>
    </ClInclude>
    <ClInclude Include="src\LdapInternals.h">
      <Filter>Header Files</Filter>
    </ClInclude>
  </ItemGroup>
  <ItemGroup>
    <Filter Include="Header Files">
      <UniqueIdentifier>{8d40e982-0664-46f8-90ed-1e5d77ec9817}</UniqueIdentifier>
    </Filter>
    <Filter Include="Source Files">
      <UniqueIdentifier>{2578132d-9362-429e-a1df-feeb94b96b07}</UniqueIdentifier>
    </Filter>
  </ItemGroup>
</Project>